# This file is automatically @generated by Cargo.
# It is not intended for manual editing.
[[package]]
name = "always-success"
version = "0.1.0"
dependencies = [
 "ckb-std 0.7.4",
]

[[package]]
name = "blake2b-ref"
version = "0.2.1"
source = "registry+https://github.com/rust-lang/crates.io-index"
checksum = "95916998c798756098a4eb1b3f2cd510659705a9817bf203d61abd30fbec3e7b"

[[package]]
name = "blake2b-rs"
version = "0.1.5"
source = "registry+https://github.com/rust-lang/crates.io-index"
checksum = "6e35e362830ef90ecea16f09b21b75d22d33a8562a679c74ab4f4fa49b4fcb87"
dependencies = [
 "cc",
]

[[package]]
name = "block-buffer"
version = "0.9.0"
source = "registry+https://github.com/rust-lang/crates.io-index"
checksum = "4152116fd6e9dadb291ae18fc1ec3575ed6d84c29642d97890f4b4a3417297e4"
dependencies = [
 "block-padding",
 "generic-array",
]

[[package]]
name = "block-padding"
version = "0.2.1"
source = "registry+https://github.com/rust-lang/crates.io-index"
checksum = "8d696c370c750c948ada61c69a0ee2cbbb9c50b1019ddb86d9317157a99c2cae"

[[package]]
name = "buddy-alloc"
version = "0.4.1"
source = "registry+https://github.com/rust-lang/crates.io-index"
checksum = "8ff9f338986406db85e2b5deb40a9255b796ca03a194c7457403d215173f3fd5"

[[package]]
name = "cc"
version = "1.0.70"
source = "registry+https://github.com/rust-lang/crates.io-index"
checksum = "d26a6ce4b6a484fa3edb70f7efa6fc430fd2b87285fe8b84304fd0936faa0dc0"

[[package]]
name = "cfg-if"
version = "0.1.10"
source = "registry+https://github.com/rust-lang/crates.io-index"
checksum = "4785bdd1c96b2a846b2bd7cc02e86b6b3dbf14e7e53446c4f54c92a361040822"

[[package]]
name = "cfg-if"
version = "1.0.0"
source = "registry+https://github.com/rust-lang/crates.io-index"
checksum = "baf1de4339761588bc0619e3cbc0120ee582ebb74b53b4efbf79117bd2da40fd"

[[package]]
name = "challenge-lock"
version = "0.1.0"
dependencies = [
 "gw-state",
 "gw-utils",
]

[[package]]
name = "ckb-smt"
version = "0.1.0"
dependencies = [
 "cc",
 "cty",
]

[[package]]
name = "ckb-standalone-types"
version = "0.0.1-pre.1"
source = "registry+https://github.com/rust-lang/crates.io-index"
checksum = "af2cdbdf65ee5b1da71504f5a03d6984bce77d0b4b46daff63f4ba4a3b0eef08"
dependencies = [
 "cfg-if 0.1.10",
 "molecule 0.6.1",
]

[[package]]
name = "ckb-standalone-types"
version = "0.1.2"
source = "registry+https://github.com/rust-lang/crates.io-index"
checksum = "22d7cbbdab96e6b809a102cf88bfec28795a0a3c06bfdea4abe4de89777801cd"
dependencies = [
 "cfg-if 1.0.0",
 "molecule 0.7.2",
]

[[package]]
name = "ckb-std"
version = "0.7.4"
source = "registry+https://github.com/rust-lang/crates.io-index"
checksum = "5247e68ff32c17714105e2460db6113fb99efde8c830bbdd99f8bf715100dd64"
dependencies = [
 "buddy-alloc",
 "cc",
 "ckb-standalone-types 0.0.1-pre.1",
]

[[package]]
name = "ckb-std"
version = "0.9.0"
source = "registry+https://github.com/rust-lang/crates.io-index"
checksum = "e5761f11372e794d77b8e8a8059b22c5d6ccef907588dd5302a669f056ecce6b"
dependencies = [
 "buddy-alloc",
 "cc",
 "ckb-standalone-types 0.1.2",
 "cstr_core",
]

[[package]]
name = "cstr_core"
version = "0.2.4"
source = "registry+https://github.com/rust-lang/crates.io-index"
checksum = "917ba9efe9e1e736671d5a03f006afc4e7e3f32503e2077e0bcaf519c0c8c1d3"
dependencies = [
 "cty",
 "memchr",
]

[[package]]
name = "cty"
version = "0.2.1"
source = "registry+https://github.com/rust-lang/crates.io-index"
checksum = "7313c0d620d0cb4dbd9d019e461a4beb501071ff46ec0ab933efb4daa76d73e3"

[[package]]
name = "custodian-lock"
version = "0.1.0"
dependencies = [
 "gw-utils",
]

[[package]]
name = "deposit-lock"
version = "0.1.0"
dependencies = [
 "blake2b-rs",
 "gw-utils",
]

[[package]]
name = "digest"
version = "0.9.0"
source = "registry+https://github.com/rust-lang/crates.io-index"
checksum = "d3dd60d1080a57a05ab032377049e0591415d2b31afd7028356dbf3cc6dcb066"
dependencies = [
 "generic-array",
]

[[package]]
name = "eth-account-lock"
version = "0.1.0"
dependencies = [
 "gw-utils",
 "secp256k1-utils",
 "sha3",
]

[[package]]
name = "generic-array"
version = "0.14.4"
source = "registry+https://github.com/rust-lang/crates.io-index"
checksum = "501466ecc8a30d1d3b7fc9229b122b2ce8ed6e9d9223f1138d4babb253e51817"
dependencies = [
 "typenum",
 "version_check",
]

[[package]]
name = "gw-common"
version = "0.1.0"
source = "git+https://github.com/nervosnetwork/godwoken.git?rev=1ccd045527b0f2793d4ab1b7b3f575b75531fc5d#1ccd045527b0f2793d4ab1b7b3f575b75531fc5d"
dependencies = [
 "cfg-if 0.1.10",
 "gw-hash",
 "merkle-cbt",
 "sparse-merkle-tree",
]

[[package]]
name = "gw-hash"
version = "0.1.0"
source = "git+https://github.com/nervosnetwork/godwoken.git?rev=1ccd045527b0f2793d4ab1b7b3f575b75531fc5d#1ccd045527b0f2793d4ab1b7b3f575b75531fc5d"
dependencies = [
 "blake2b-ref",
]

[[package]]
name = "gw-state"
version = "0.1.0"
dependencies = [
 "ckb-smt",
 "gw-utils",
]

[[package]]
name = "gw-types"
version = "0.1.0"
source = "git+https://github.com/nervosnetwork/godwoken.git?rev=1ccd045527b0f2793d4ab1b7b3f575b75531fc5d#1ccd045527b0f2793d4ab1b7b3f575b75531fc5d"
dependencies = [
 "cfg-if 0.1.10",
 "gw-hash",
 "molecule 0.7.2",
 "sparse-merkle-tree",
]

[[package]]
name = "gw-utils"
version = "0.1.0"
dependencies = [
 "ckb-std 0.9.0",
 "gw-common",
 "gw-types",
]

[[package]]
name = "keccak"
version = "0.1.0"
source = "registry+https://github.com/rust-lang/crates.io-index"
checksum = "67c21572b4949434e4fc1e1978b99c5f77064153c59d998bf13ecd96fb5ecba7"

[[package]]
name = "memchr"
version = "2.4.1"
source = "registry+https://github.com/rust-lang/crates.io-index"
checksum = "308cc39be01b73d0d18f82a0e7b2a3df85245f84af96fdddc5d202d27e47b86a"

[[package]]
name = "merkle-cbt"
version = "0.3.0"
source = "registry+https://github.com/rust-lang/crates.io-index"
checksum = "6f1ac8428ec02d6caa5a79c15e851d84d5dc7a00df0429a8aa860d104f0a81be"
dependencies = [
 "cfg-if 0.1.10",
]

[[package]]
name = "molecule"
version = "0.6.1"
source = "registry+https://github.com/rust-lang/crates.io-index"
checksum = "3067ceba3d7f5dcc7427cfc584fc506e756f1161151032fec840455f5a3c2fd5"
dependencies = [
 "cfg-if 0.1.10",
]

[[package]]
name = "molecule"
version = "0.7.2"
source = "registry+https://github.com/rust-lang/crates.io-index"
checksum = "be5f63176422224eadd975789462a96cedaf339cd1009ef92fbdfaad39d35f5f"
dependencies = [
 "cfg-if 1.0.0",
]

[[package]]
name = "opaque-debug"
version = "0.3.0"
source = "registry+https://github.com/rust-lang/crates.io-index"
checksum = "624a8340c38c1b80fd549087862da4ba43e08858af025b236e509b6649fc13d5"

[[package]]
name = "secp256k1-utils"
version = "0.1.0"
dependencies = [
 "cc",
]

[[package]]
name = "sha3"
version = "0.9.1"
source = "registry+https://github.com/rust-lang/crates.io-index"
checksum = "f81199417d4e5de3f04b1e871023acea7389672c4135918f05aa9cbf2f2fa809"
dependencies = [
 "block-buffer",
 "digest",
 "keccak",
 "opaque-debug",
]

[[package]]
name = "sparse-merkle-tree"
version = "0.5.2"
source = "registry+https://github.com/rust-lang/crates.io-index"
checksum = "ce70bcf7d75eb7e7a0ed37032b2f13b46c02754a3a983d21bd682140738b67ef"
dependencies = [
 "cfg-if 0.1.10",
]

[[package]]
name = "stake-lock"
version = "0.1.0"
dependencies = [
 "gw-utils",
]

[[package]]
name = "state-validator"
version = "0.1.0"
dependencies = [
 "gw-state",
 "gw-utils",
]

[[package]]
name = "tron-account-lock"
version = "0.1.0"
dependencies = [
 "gw-utils",
 "secp256k1-utils",
 "sha3",
]

[[package]]
name = "typenum"
version = "1.14.0"
source = "registry+https://github.com/rust-lang/crates.io-index"
checksum = "b63708a265f51345575b27fe43f9500ad611579e764c79edbc2037b1121959ec"

[[package]]
name = "version_check"
version = "0.9.3"
source = "registry+https://github.com/rust-lang/crates.io-index"
checksum = "5fecdca9a5291cc2b8dcf7dc02453fee791a280f3743cb0905f8822ae463b3fe"

[[package]]
name = "withdrawal-lock"
version = "0.1.0"
dependencies = [
 "gw-utils",
]
